// !$*UTF8*$!
{
	archiveVersion = 1;
	classes = {
	};
	objectVersion = 56;
	objects = {

/* Begin PBXBuildFile section */
		C1BDE8F72912434E00408BB3 /* AppDelegate.swift in Sources */ = {isa = PBXBuildFile; fileRef = C1BDE8F62912434E00408BB3 /* AppDelegate.swift */; };
		C1BDE8F92912434E00408BB3 /* SceneDelegate.swift in Sources */ = {isa = PBXBuildFile; fileRef = C1BDE8F82912434E00408BB3 /* SceneDelegate.swift */; };
		C1BDE8FB2912434E00408BB3 /* ViewController.swift in Sources */ = {isa = PBXBuildFile; fileRef = C1BDE8FA2912434E00408BB3 /* ViewController.swift */; };
		C1BDE8FE2912434E00408BB3 /* Main.storyboard in Resources */ = {isa = PBXBuildFile; fileRef = C1BDE8FC2912434E00408BB3 /* Main.storyboard */; };
		C1BDE9002912434E00408BB3 /* Assets.xcassets in Resources */ = {isa = PBXBuildFile; fileRef = C1BDE8FF2912434E00408BB3 /* Assets.xcassets */; };
		C1BDE9032912434E00408BB3 /* LaunchScreen.storyboard in Resources */ = {isa = PBXBuildFile; fileRef = C1BDE9012912434E00408BB3 /* LaunchScreen.storyboard */; };
		C1BDE90C2912436300408BB3 /* Alamofire in Frameworks */ = {isa = PBXBuildFile; productRef = C1BDE90B2912436300408BB3 /* Alamofire */; };
		C1BDE9112912456E00408BB3 /* SignUpViewController.swift in Sources */ = {isa = PBXBuildFile; fileRef = C1BDE9102912456E00408BB3 /* SignUpViewController.swift */; };
		C1BDE9132912459700408BB3 /* SignUpView.swift in Sources */ = {isa = PBXBuildFile; fileRef = C1BDE9122912459700408BB3 /* SignUpView.swift */; };
		C1BDE9172912461A00408BB3 /* BaseView.swift in Sources */ = {isa = PBXBuildFile; fileRef = C1BDE9162912461A00408BB3 /* BaseView.swift */; };
		C1BDE91A2912497A00408BB3 /* SnapKit in Frameworks */ = {isa = PBXBuildFile; productRef = C1BDE9192912497A00408BB3 /* SnapKit */; };
		C1BDE91D29124B8A00408BB3 /* RxCocoa in Frameworks */ = {isa = PBXBuildFile; productRef = C1BDE91C29124B8A00408BB3 /* RxCocoa */; };
		C1BDE91F29124B8A00408BB3 /* RxRelay in Frameworks */ = {isa = PBXBuildFile; productRef = C1BDE91E29124B8A00408BB3 /* RxRelay */; };
		C1BDE92129124B8A00408BB3 /* RxSwift in Frameworks */ = {isa = PBXBuildFile; productRef = C1BDE92029124B8A00408BB3 /* RxSwift */; };
		C1BDE92529124CB000408BB3 /* BaseViewController.swift in Sources */ = {isa = PBXBuildFile; fileRef = C1BDE92429124CB000408BB3 /* BaseViewController.swift */; };
		C1BDE92729124EF400408BB3 /* SignUpViewModel.swift in Sources */ = {isa = PBXBuildFile; fileRef = C1BDE92629124EF400408BB3 /* SignUpViewModel.swift */; };
		C1BDE92B29125BF100408BB3 /* APIService.swift in Sources */ = {isa = PBXBuildFile; fileRef = C1BDE92A29125BF100408BB3 /* APIService.swift */; };
		C1BDE92D29125C9300408BB3 /* Endpoint.swift in Sources */ = {isa = PBXBuildFile; fileRef = C1BDE92C29125C9300408BB3 /* Endpoint.swift */; };
		C1BDE92F2912693200408BB3 /* Router.swift in Sources */ = {isa = PBXBuildFile; fileRef = C1BDE92E2912693200408BB3 /* Router.swift */; };
/* End PBXBuildFile section */

/* Begin PBXFileReference section */
		C1BDE8F32912434E00408BB3 /* LoginProject.app */ = {isa = PBXFileReference; explicitFileType = wrapper.application; includeInIndex = 0; path = LoginProject.app; sourceTree = BUILT_PRODUCTS_DIR; };
		C1BDE8F62912434E00408BB3 /* AppDelegate.swift */ = {isa = PBXFileReference; lastKnownFileType = sourcecode.swift; path = AppDelegate.swift; sourceTree = "<group>"; };
		C1BDE8F82912434E00408BB3 /* SceneDelegate.swift */ = {isa = PBXFileReference; lastKnownFileType = sourcecode.swift; path = SceneDelegate.swift; sourceTree = "<group>"; };
		C1BDE8FA2912434E00408BB3 /* ViewController.swift */ = {isa = PBXFileReference; lastKnownFileType = sourcecode.swift; path = ViewController.swift; sourceTree = "<group>"; };
		C1BDE8FD2912434E00408BB3 /* Base */ = {isa = PBXFileReference; lastKnownFileType = file.storyboard; name = Base; path = Base.lproj/Main.storyboard; sourceTree = "<group>"; };
		C1BDE8FF2912434E00408BB3 /* Assets.xcassets */ = {isa = PBXFileReference; lastKnownFileType = folder.assetcatalog; path = Assets.xcassets; sourceTree = "<group>"; };
		C1BDE9022912434E00408BB3 /* Base */ = {isa = PBXFileReference; lastKnownFileType = file.storyboard; name = Base; path = Base.lproj/LaunchScreen.storyboard; sourceTree = "<group>"; };
		C1BDE9042912434E00408BB3 /* Info.plist */ = {isa = PBXFileReference; lastKnownFileType = text.plist.xml; path = Info.plist; sourceTree = "<group>"; };
		C1BDE9102912456E00408BB3 /* SignUpViewController.swift */ = {isa = PBXFileReference; lastKnownFileType = sourcecode.swift; path = SignUpViewController.swift; sourceTree = "<group>"; };
		C1BDE9122912459700408BB3 /* SignUpView.swift */ = {isa = PBXFileReference; lastKnownFileType = sourcecode.swift; path = SignUpView.swift; sourceTree = "<group>"; };
		C1BDE9162912461A00408BB3 /* BaseView.swift */ = {isa = PBXFileReference; lastKnownFileType = sourcecode.swift; path = BaseView.swift; sourceTree = "<group>"; };
		C1BDE92429124CB000408BB3 /* BaseViewController.swift */ = {isa = PBXFileReference; lastKnownFileType = sourcecode.swift; path = BaseViewController.swift; sourceTree = "<group>"; };
		C1BDE92629124EF400408BB3 /* SignUpViewModel.swift */ = {isa = PBXFileReference; lastKnownFileType = sourcecode.swift; path = SignUpViewModel.swift; sourceTree = "<group>"; };
		C1BDE92A29125BF100408BB3 /* APIService.swift */ = {isa = PBXFileReference; lastKnownFileType = sourcecode.swift; path = APIService.swift; sourceTree = "<group>"; };
		C1BDE92C29125C9300408BB3 /* Endpoint.swift */ = {isa = PBXFileReference; lastKnownFileType = sourcecode.swift; path = Endpoint.swift; sourceTree = "<group>"; };
		C1BDE92E2912693200408BB3 /* Router.swift */ = {isa = PBXFileReference; lastKnownFileType = sourcecode.swift; path = Router.swift; sourceTree = "<group>"; };
/* End PBXFileReference section */

/* Begin PBXFrameworksBuildPhase section */
		C1BDE8F02912434E00408BB3 /* Frameworks */ = {
			isa = PBXFrameworksBuildPhase;
			buildActionMask = 2147483647;
			files = (
				C1BDE91D29124B8A00408BB3 /* RxCocoa in Frameworks */,
				C1BDE90C2912436300408BB3 /* Alamofire in Frameworks */,
				C1BDE92129124B8A00408BB3 /* RxSwift in Frameworks */,
				C1BDE91F29124B8A00408BB3 /* RxRelay in Frameworks */,
				C1BDE91A2912497A00408BB3 /* SnapKit in Frameworks */,
			);
			runOnlyForDeploymentPostprocessing = 0;
		};
/* End PBXFrameworksBuildPhase section */

/* Begin PBXGroup section */
		C1BDE8EA2912434E00408BB3 = {
			isa = PBXGroup;
			children = (
				C1BDE8F52912434E00408BB3 /* LoginProject */,
				C1BDE8F42912434E00408BB3 /* Products */,
			);
			sourceTree = "<group>";
		};
		C1BDE8F42912434E00408BB3 /* Products */ = {
			isa = PBXGroup;
			children = (
				C1BDE8F32912434E00408BB3 /* LoginProject.app */,
			);
			name = Products;
			sourceTree = "<group>";
		};
		C1BDE8F52912434E00408BB3 /* LoginProject */ = {
			isa = PBXGroup;
			children = (
				C1BDE90E2912450D00408BB3 /* Views */,
				C1BDE90D291244BC00408BB3 /* ViewControllers */,
				C1BDE92229124C6000408BB3 /* ViewModels */,
				C1BDE9142912460700408BB3 /* Constants */,
				C1BDE90F2912451F00408BB3 /* Network */,
				C1BDE8F62912434E00408BB3 /* AppDelegate.swift */,
				C1BDE8F82912434E00408BB3 /* SceneDelegate.swift */,
				C1BDE8FA2912434E00408BB3 /* ViewController.swift */,
				C1BDE8FC2912434E00408BB3 /* Main.storyboard */,
				C1BDE8FF2912434E00408BB3 /* Assets.xcassets */,
				C1BDE9012912434E00408BB3 /* LaunchScreen.storyboard */,
				C1BDE9042912434E00408BB3 /* Info.plist */,
			);
			path = LoginProject;
			sourceTree = "<group>";
		};
		C1BDE90D291244BC00408BB3 /* ViewControllers */ = {
			isa = PBXGroup;
			children = (
				C1BDE9102912456E00408BB3 /* SignUpViewController.swift */,
			);
			path = ViewControllers;
			sourceTree = "<group>";
		};
		C1BDE90E2912450D00408BB3 /* Views */ = {
			isa = PBXGroup;
			children = (
				C1BDE9122912459700408BB3 /* SignUpView.swift */,
			);
			path = Views;
			sourceTree = "<group>";
		};
		C1BDE90F2912451F00408BB3 /* Network */ = {
			isa = PBXGroup;
			children = (
				C1BDE92A29125BF100408BB3 /* APIService.swift */,
				C1BDE92C29125C9300408BB3 /* Endpoint.swift */,
				C1BDE92E2912693200408BB3 /* Router.swift */,
			);
			path = Network;
			sourceTree = "<group>";
		};
		C1BDE9142912460700408BB3 /* Constants */ = {
			isa = PBXGroup;
			children = (
				C1BDE9152912461200408BB3 /* Base */,
			);
			path = Constants;
			sourceTree = "<group>";
		};
		C1BDE9152912461200408BB3 /* Base */ = {
			isa = PBXGroup;
			children = (
				C1BDE9162912461A00408BB3 /* BaseView.swift */,
				C1BDE92429124CB000408BB3 /* BaseViewController.swift */,
			);
			path = Base;
			sourceTree = "<group>";
		};
		C1BDE92229124C6000408BB3 /* ViewModels */ = {
			isa = PBXGroup;
			children = (
				C1BDE92629124EF400408BB3 /* SignUpViewModel.swift */,
			);
			path = ViewModels;
			sourceTree = "<group>";
		};
/* End PBXGroup section */

/* Begin PBXNativeTarget section */
		C1BDE8F22912434E00408BB3 /* LoginProject */ = {
			isa = PBXNativeTarget;
			buildConfigurationList = C1BDE9072912434E00408BB3 /* Build configuration list for PBXNativeTarget "LoginProject" */;
			buildPhases = (
				C1BDE8EF2912434E00408BB3 /* Sources */,
				C1BDE8F02912434E00408BB3 /* Frameworks */,
				C1BDE8F12912434E00408BB3 /* Resources */,
			);
			buildRules = (
			);
			dependencies = (
			);
			name = LoginProject;
			packageProductDependencies = (
				C1BDE90B2912436300408BB3 /* Alamofire */,
				C1BDE9192912497A00408BB3 /* SnapKit */,
				C1BDE91C29124B8A00408BB3 /* RxCocoa */,
				C1BDE91E29124B8A00408BB3 /* RxRelay */,
				C1BDE92029124B8A00408BB3 /* RxSwift */,
			);
			productName = LoginProject;
			productReference = C1BDE8F32912434E00408BB3 /* LoginProject.app */;
			productType = "com.apple.product-type.application";
		};
/* End PBXNativeTarget section */

/* Begin PBXProject section */
		C1BDE8EB2912434E00408BB3 /* Project object */ = {
			isa = PBXProject;
			attributes = {
				BuildIndependentTargetsInParallel = 1;
				LastSwiftUpdateCheck = 1400;
				LastUpgradeCheck = 1400;
				TargetAttributes = {
					C1BDE8F22912434E00408BB3 = {
						CreatedOnToolsVersion = 14.0.1;
					};
				};
			};
			buildConfigurationList = C1BDE8EE2912434E00408BB3 /* Build configuration list for PBXProject "LoginProject" */;
			compatibilityVersion = "Xcode 14.0";
			developmentRegion = en;
			hasScannedForEncodings = 0;
			knownRegions = (
				en,
				Base,
			);
			mainGroup = C1BDE8EA2912434E00408BB3;
			packageReferences = (
				C1BDE90A2912436300408BB3 /* XCRemoteSwiftPackageReference "Alamofire" */,
				C1BDE9182912497A00408BB3 /* XCRemoteSwiftPackageReference "SnapKit" */,
				C1BDE91B29124B8A00408BB3 /* XCRemoteSwiftPackageReference "RxSwift" */,
			);
			productRefGroup = C1BDE8F42912434E00408BB3 /* Products */;
			projectDirPath = "";
			projectRoot = "";
			targets = (
				C1BDE8F22912434E00408BB3 /* LoginProject */,
			);
		};
/* End PBXProject section */

/* Begin PBXResourcesBuildPhase section */
		C1BDE8F12912434E00408BB3 /* Resources */ = {
			isa = PBXResourcesBuildPhase;
			buildActionMask = 2147483647;
			files = (
				C1BDE9032912434E00408BB3 /* LaunchScreen.storyboard in Resources */,
				C1BDE9002912434E00408BB3 /* Assets.xcassets in Resources */,
				C1BDE8FE2912434E00408BB3 /* Main.storyboard in Resources */,
			);
			runOnlyForDeploymentPostprocessing = 0;
		};
/* End PBXResourcesBuildPhase section */

/* Begin PBXSourcesBuildPhase section */
		C1BDE8EF2912434E00408BB3 /* Sources */ = {
			isa = PBXSourcesBuildPhase;
			buildActionMask = 2147483647;
			files = (
				C1BDE92F2912693200408BB3 /* Router.swift in Sources */,
				C1BDE8FB2912434E00408BB3 /* ViewController.swift in Sources */,
				C1BDE9132912459700408BB3 /* SignUpView.swift in Sources */,
				C1BDE92729124EF400408BB3 /* SignUpViewModel.swift in Sources */,
				C1BDE8F72912434E00408BB3 /* AppDelegate.swift in Sources */,
				C1BDE92D29125C9300408BB3 /* Endpoint.swift in Sources */,
				C1BDE9172912461A00408BB3 /* BaseView.swift in Sources */,
				C1BDE9112912456E00408BB3 /* SignUpViewController.swift in Sources */,
				C1BDE92529124CB000408BB3 /* BaseViewController.swift in Sources */,
				C1BDE92B29125BF100408BB3 /* APIService.swift in Sources */,
				C1BDE8F92912434E00408BB3 /* SceneDelegate.swift in Sources */,
			);
			runOnlyForDeploymentPostprocessing = 0;
		};
/* End PBXSourcesBuildPhase section */

/* Begin PBXVariantGroup section */
		C1BDE8FC2912434E00408BB3 /* Main.storyboard */ = {
			isa = PBXVariantGroup;
			children = (
				C1BDE8FD2912434E00408BB3 /* Base */,
			);
			name = Main.storyboard;
			sourceTree = "<group>";
		};
		C1BDE9012912434E00408BB3 /* LaunchScreen.storyboard */ = {
			isa = PBXVariantGroup;
			children = (
				C1BDE9022912434E00408BB3 /* Base */,
			);
			name = LaunchScreen.storyboard;
			sourceTree = "<group>";
		};
/* End PBXVariantGroup section */

/* Begin XCBuildConfiguration section */
		C1BDE9052912434E00408BB3 /* Debug */ = {
			isa = XCBuildConfiguration;
			buildSettings = {
				ALWAYS_SEARCH_USER_PATHS = NO;
				CLANG_ANALYZER_NONNULL = YES;
				CLANG_ANALYZER_NUMBER_OBJECT_CONVERSION = YES_AGGRESSIVE;
				CLANG_CXX_LANGUAGE_STANDARD = "gnu++20";
				CLANG_ENABLE_MODULES = YES;
				CLANG_ENABLE_OBJC_ARC = YES;
				CLANG_ENABLE_OBJC_WEAK = YES;
				CLANG_WARN_BLOCK_CAPTURE_AUTORELEASING = YES;
				CLANG_WARN_BOOL_CONVERSION = YES;
				CLANG_WARN_COMMA = YES;
				CLANG_WARN_CONSTANT_CONVERSION = YES;
				CLANG_WARN_DEPRECATED_OBJC_IMPLEMENTATIONS = YES;
				CLANG_WARN_DIRECT_OBJC_ISA_USAGE = YES_ERROR;
				CLANG_WARN_DOCUMENTATION_COMMENTS = YES;
				CLANG_WARN_EMPTY_BODY = YES;
				CLANG_WARN_ENUM_CONVERSION = YES;
				CLANG_WARN_INFINITE_RECURSION = YES;
				CLANG_WARN_INT_CONVERSION = YES;
				CLANG_WARN_NON_LITERAL_NULL_CONVERSION = YES;
				CLANG_WARN_OBJC_IMPLICIT_RETAIN_SELF = YES;
				CLANG_WARN_OBJC_LITERAL_CONVERSION = YES;
				CLANG_WARN_OBJC_ROOT_CLASS = YES_ERROR;
				CLANG_WARN_QUOTED_INCLUDE_IN_FRAMEWORK_HEADER = YES;
				CLANG_WARN_RANGE_LOOP_ANALYSIS = YES;
				CLANG_WARN_STRICT_PROTOTYPES = YES;
				CLANG_WARN_SUSPICIOUS_MOVE = YES;
				CLANG_WARN_UNGUARDED_AVAILABILITY = YES_AGGRESSIVE;
				CLANG_WARN_UNREACHABLE_CODE = YES;
				CLANG_WARN__DUPLICATE_METHOD_MATCH = YES;
				COPY_PHASE_STRIP = NO;
				DEBUG_INFORMATION_FORMAT = dwarf;
				ENABLE_STRICT_OBJC_MSGSEND = YES;
				ENABLE_TESTABILITY = YES;
				GCC_C_LANGUAGE_STANDARD = gnu11;
				GCC_DYNAMIC_NO_PIC = NO;
				GCC_NO_COMMON_BLOCKS = YES;
				GCC_OPTIMIZATION_LEVEL = 0;
				GCC_PREPROCESSOR_DEFINITIONS = (
					"DEBUG=1",
					"$(inherited)",
				);
				GCC_WARN_64_TO_32_BIT_CONVERSION = YES;
				GCC_WARN_ABOUT_RETURN_TYPE = YES_ERROR;
				GCC_WARN_UNDECLARED_SELECTOR = YES;
				GCC_WARN_UNINITIALIZED_AUTOS = YES_AGGRESSIVE;
				GCC_WARN_UNUSED_FUNCTION = YES;
				GCC_WARN_UNUSED_VARIABLE = YES;
				IPHONEOS_DEPLOYMENT_TARGET = 16.0;
				MTL_ENABLE_DEBUG_INFO = INCLUDE_SOURCE;
				MTL_FAST_MATH = YES;
				ONLY_ACTIVE_ARCH = YES;
				SDKROOT = iphoneos;
				SWIFT_ACTIVE_COMPILATION_CONDITIONS = DEBUG;
				SWIFT_OPTIMIZATION_LEVEL = "-Onone";
			};
			name = Debug;
		};
		C1BDE9062912434E00408BB3 /* Release */ = {
			isa = XCBuildConfiguration;
			buildSettings = {
				ALWAYS_SEARCH_USER_PATHS = NO;
				CLANG_ANALYZER_NONNULL = YES;
				CLANG_ANALYZER_NUMBER_OBJECT_CONVERSION = YES_AGGRESSIVE;
				CLANG_CXX_LANGUAGE_STANDARD = "gnu++20";
				CLANG_ENABLE_MODULES = YES;
				CLANG_ENABLE_OBJC_ARC = YES;
				CLANG_ENABLE_OBJC_WEAK = YES;
				CLANG_WARN_BLOCK_CAPTURE_AUTORELEASING = YES;
				CLANG_WARN_BOOL_CONVERSION = YES;
				CLANG_WARN_COMMA = YES;
				CLANG_WARN_CONSTANT_CONVERSION = YES;
				CLANG_WARN_DEPRECATED_OBJC_IMPLEMENTATIONS = YES;
				CLANG_WARN_DIRECT_OBJC_ISA_USAGE = YES_ERROR;
				CLANG_WARN_DOCUMENTATION_COMMENTS = YES;
				CLANG_WARN_EMPTY_BODY = YES;
				CLANG_WARN_ENUM_CONVERSION = YES;
				CLANG_WARN_INFINITE_RECURSION = YES;
				CLANG_WARN_INT_CONVERSION = YES;
				CLANG_WARN_NON_LITERAL_NULL_CONVERSION = YES;
				CLANG_WARN_OBJC_IMPLICIT_RETAIN_SELF = YES;
				CLANG_WARN_OBJC_LITERAL_CONVERSION = YES;
				CLANG_WARN_OBJC_ROOT_CLASS = YES_ERROR;
				CLANG_WARN_QUOTED_INCLUDE_IN_FRAMEWORK_HEADER = YES;
				CLANG_WARN_RANGE_LOOP_ANALYSIS = YES;
				CLANG_WARN_STRICT_PROTOTYPES = YES;
				CLANG_WARN_SUSPICIOUS_MOVE = YES;
				CLANG_WARN_UNGUARDED_AVAILABILITY = YES_AGGRESSIVE;
				CLANG_WARN_UNREACHABLE_CODE = YES;
				CLANG_WARN__DUPLICATE_METHOD_MATCH = YES;
				COPY_PHASE_STRIP = NO;
				DEBUG_INFORMATION_FORMAT = "dwarf-with-dsym";
				ENABLE_NS_ASSERTIONS = NO;
				ENABLE_STRICT_OBJC_MSGSEND = YES;
				GCC_C_LANGUAGE_STANDARD = gnu11;
				GCC_NO_COMMON_BLOCKS = YES;
				GCC_WARN_64_TO_32_BIT_CONVERSION = YES;
				GCC_WARN_ABOUT_RETURN_TYPE = YES_ERROR;
				GCC_WARN_UNDECLARED_SELECTOR = YES;
				GCC_WARN_UNINITIALIZED_AUTOS = YES_AGGRESSIVE;
				GCC_WARN_UNUSED_FUNCTION = YES;
				GCC_WARN_UNUSED_VARIABLE = YES;
				IPHONEOS_DEPLOYMENT_TARGET = 16.0;
				MTL_ENABLE_DEBUG_INFO = NO;
				MTL_FAST_MATH = YES;
				SDKROOT = iphoneos;
				SWIFT_COMPILATION_MODE = wholemodule;
				SWIFT_OPTIMIZATION_LEVEL = "-O";
				VALIDATE_PRODUCT = YES;
			};
			name = Release;
		};
		C1BDE9082912434E00408BB3 /* Debug */ = {
			isa = XCBuildConfiguration;
			buildSettings = {
				ASSETCATALOG_COMPILER_APPICON_NAME = AppIcon;
				ASSETCATALOG_COMPILER_GLOBAL_ACCENT_COLOR_NAME = AccentColor;
				CODE_SIGN_STYLE = Automatic;
				CURRENT_PROJECT_VERSION = 1;
				DEVELOPMENT_TEAM = 54R3763M9G;
				GENERATE_INFOPLIST_FILE = YES;
				INFOPLIST_FILE = LoginProject/Info.plist;
				INFOPLIST_KEY_UIApplicationSupportsIndirectInputEvents = YES;
				INFOPLIST_KEY_UILaunchStoryboardName = LaunchScreen;
				INFOPLIST_KEY_UIMainStoryboardFile = Main;
				INFOPLIST_KEY_UISupportedInterfaceOrientations_iPad = "UIInterfaceOrientationPortrait UIInterfaceOrientationPortraitUpsideDown UIInterfaceOrientationLandscapeLeft UIInterfaceOrientationLandscapeRight";
				INFOPLIST_KEY_UISupportedInterfaceOrientations_iPhone = "UIInterfaceOrientationPortrait UIInterfaceOrientationLandscapeLeft UIInterfaceOrientationLandscapeRight";
				LD_RUNPATH_SEARCH_PATHS = (
					"$(inherited)",
					"@executable_path/Frameworks",
				);
				MARKETING_VERSION = 1.0;
				PRODUCT_BUNDLE_IDENTIFIER = com.skylerLee.LoginProject;
				PRODUCT_NAME = "$(TARGET_NAME)";
				SWIFT_EMIT_LOC_STRINGS = YES;
				SWIFT_VERSION = 5.0;
				TARGETED_DEVICE_FAMILY = "1,2";
			};
			name = Debug;
		};
		C1BDE9092912434E00408BB3 /* Release */ = {
			isa = XCBuildConfiguration;
			buildSettings = {
				ASSETCATALOG_COMPILER_APPICON_NAME = AppIcon;
				ASSETCATALOG_COMPILER_GLOBAL_ACCENT_COLOR_NAME = AccentColor;
				CODE_SIGN_STYLE = Automatic;
				CURRENT_PROJECT_VERSION = 1;
				DEVELOPMENT_TEAM = 54R3763M9G;
				GENERATE_INFOPLIST_FILE = YES;
				INFOPLIST_FILE = LoginProject/Info.plist;
				INFOPLIST_KEY_UIApplicationSupportsIndirectInputEvents = YES;
				INFOPLIST_KEY_UILaunchStoryboardName = LaunchScreen;
				INFOPLIST_KEY_UIMainStoryboardFile = Main;
				INFOPLIST_KEY_UISupportedInterfaceOrientations_iPad = "UIInterfaceOrientationPortrait UIInterfaceOrientationPortraitUpsideDown UIInterfaceOrientationLandscapeLeft UIInterfaceOrientationLandscapeRight";
				INFOPLIST_KEY_UISupportedInterfaceOrientations_iPhone = "UIInterfaceOrientationPortrait UIInterfaceOrientationLandscapeLeft UIInterfaceOrientationLandscapeRight";
				LD_RUNPATH_SEARCH_PATHS = (
					"$(inherited)",
					"@executable_path/Frameworks",
				);
				MARKETING_VERSION = 1.0;
				PRODUCT_BUNDLE_IDENTIFIER = com.skylerLee.LoginProject;
				PRODUCT_NAME = "$(TARGET_NAME)";
				SWIFT_EMIT_LOC_STRINGS = YES;
				SWIFT_VERSION = 5.0;
				TARGETED_DEVICE_FAMILY = "1,2";
			};
			name = Release;
		};
/* End XCBuildConfiguration section */

/* Begin XCConfigurationList section */
		C1BDE8EE2912434E00408BB3 /* Build configuration list for PBXProject "LoginProject" */ = {
			isa = XCConfigurationList;
			buildConfigurations = (
				C1BDE9052912434E00408BB3 /* Debug */,
				C1BDE9062912434E00408BB3 /* Release */,
			);
			defaultConfigurationIsVisible = 0;
			defaultConfigurationName = Release;
		};
		C1BDE9072912434E00408BB3 /* Build configuration list for PBXNativeTarget "LoginProject" */ = {
			isa = XCConfigurationList;
			buildConfigurations = (
				C1BDE9082912434E00408BB3 /* Debug */,
				C1BDE9092912434E00408BB3 /* Release */,
			);
			defaultConfigurationIsVisible = 0;
			defaultConfigurationName = Release;
		};
/* End XCConfigurationList section */

/* Begin XCRemoteSwiftPackageReference section */
		C1BDE90A2912436300408BB3 /* XCRemoteSwiftPackageReference "Alamofire" */ = {
			isa = XCRemoteSwiftPackageReference;
			repositoryURL = "https://github.com/Alamofire/Alamofire.git";
			requirement = {
				kind = upToNextMajorVersion;
				minimumVersion = 5.0.0;
			};
		};
		C1BDE9182912497A00408BB3 /* XCRemoteSwiftPackageReference "SnapKit" */ = {
			isa = XCRemoteSwiftPackageReference;
			repositoryURL = "https://github.com/SnapKit/SnapKit.git";
			requirement = {
				kind = upToNextMajorVersion;
				minimumVersion = 5.0.0;
			};
		};
		C1BDE91B29124B8A00408BB3 /* XCRemoteSwiftPackageReference "RxSwift" */ = {
			isa = XCRemoteSwiftPackageReference;
			repositoryURL = "https://github.com/ReactiveX/RxSwift.git";
			requirement = {
				kind = upToNextMajorVersion;
				minimumVersion = 6.0.0;
			};
		};
/* End XCRemoteSwiftPackageReference section */

/* Begin XCSwiftPackageProductDependency section */
		C1BDE90B2912436300408BB3 /* Alamofire */ = {
			isa = XCSwiftPackageProductDependency;
			package = C1BDE90A2912436300408BB3 /* XCRemoteSwiftPackageReference "Alamofire" */;
			productName = Alamofire;
		};
		C1BDE9192912497A00408BB3 /* SnapKit */ = {
			isa = XCSwiftPackageProductDependency;
			package = C1BDE9182912497A00408BB3 /* XCRemoteSwiftPackageReference "SnapKit" */;
			productName = SnapKit;
		};
		C1BDE91C29124B8A00408BB3 /* RxCocoa */ = {
			isa = XCSwiftPackageProductDependency;
			package = C1BDE91B29124B8A00408BB3 /* XCRemoteSwiftPackageReference "RxSwift" */;
			productName = RxCocoa;
		};
		C1BDE91E29124B8A00408BB3 /* RxRelay */ = {
			isa = XCSwiftPackageProductDependency;
			package = C1BDE91B29124B8A00408BB3 /* XCRemoteSwiftPackageReference "RxSwift" */;
			productName = RxRelay;
		};
		C1BDE92029124B8A00408BB3 /* RxSwift */ = {
			isa = XCSwiftPackageProductDependency;
			package = C1BDE91B29124B8A00408BB3 /* XCRemoteSwiftPackageReference "RxSwift" */;
			productName = RxSwift;
		};
/* End XCSwiftPackageProductDependency section */
	};
	rootObject = C1BDE8EB2912434E00408BB3 /* Project object */;
}
